
Microsoft Visual Studio Solution File, Format Version 12.00
# Visual Studio Version 16
VisualStudioVersion = 16.0.29613.14
MinimumVisualStudioVersion = 10.0.40219.1
Project("{FAE04EC0-301F-11D3-BF4B-00C04F79EFBC}") = "View", "View\View.csproj", "{CF37D5CB-991A-404E-942C-6851397F2667}"
EndProject
Project("{FAE04EC0-301F-11D3-BF4B-00C04F79EFBC}") = "Control", "Control\Control.csproj", "{115A5C04-C1F3-4FB4-8BB0-EC90ED70067F}"
EndProject
Project("{FAE04EC0-301F-11D3-BF4B-00C04F79EFBC}") = "Model", "Model\Model.csproj", "{93345CDD-48D0-436D-B1DA-CCCFC3B80904}"
EndProject
Project("{FAE04EC0-301F-11D3-BF4B-00C04F79EFBC}") = "Negocio", "Negocio\Negocio.csproj", "{3B2857FF-4528-4E0B-A848-AFF50C41646B}"
EndProject
Global
	GlobalSection(SolutionConfigurationPlatforms) = preSolution
		Debug|Any CPU = Debug|Any CPU
		Release|Any CPU = Release|Any CPU
	EndGlobalSection
	GlobalSection(ProjectConfigurationPlatforms) = postSolution
		{CF37D5CB-991A-404E-942C-6851397F2667}.Debug|Any CPU.ActiveCfg = Debug|Any CPU
		{CF37D5CB-991A-404E-942C-6851397F2667}.Debug|Any CPU.Build.0 = Debug|Any CPU
		{CF37D5CB-991A-404E-942C-6851397F2667}.Release|Any CPU.ActiveCfg = Release|Any CPU
		{CF37D5CB-991A-404E-942C-6851397F2667}.Release|Any CPU.Build.0 = Release|Any CPU
		{115A5C04-C1F3-4FB4-8BB0-EC90ED70067F}.Debug|Any CPU.ActiveCfg = Debug|Any CPU
		{115A5C04-C1F3-4FB4-8BB0-EC90ED70067F}.Debug|Any CPU.Build.0 = Debug|Any CPU
		{115A5C04-C1F3-4FB4-8BB0-EC90ED70067F}.Release|Any CPU.ActiveCfg = Release|Any CPU
		{115A5C04-C1F3-4FB4-8BB0-EC90ED70067F}.Release|Any CPU.Build.0 = Release|Any CPU
		{93345CDD-48D0-436D-B1DA-CCCFC3B80904}.Debug|Any CPU.ActiveCfg = Debug|Any CPU
		{93345CDD-48D0-436D-B1DA-CCCFC3B80904}.Debug|Any CPU.Build.0 = Debug|Any CPU
		{93345CDD-48D0-436D-B1DA-CCCFC3B80904}.Release|Any CPU.ActiveCfg = Release|Any CPU
		{93345CDD-48D0-436D-B1DA-CCCFC3B80904}.Release|Any CPU.Build.0 = Release|Any CPU
		{3B2857FF-4528-4E0B-A848-AFF50C41646B}.Debug|Any CPU.ActiveCfg = Debug|Any CPU
		{3B2857FF-4528-4E0B-A848-AFF50C41646B}.Debug|Any CPU.Build.0 = Debug|Any CPU
		{3B2857FF-4528-4E0B-A848-AFF50C41646B}.Release|Any CPU.ActiveCfg = Release|Any CPU
		{3B2857FF-4528-4E0B-A848-AFF50C41646B}.Release|Any CPU.Build.0 = Release|Any CPU
	EndGlobalSection
	GlobalSection(SolutionProperties) = preSolution
		HideSolutionNode = FALSE
	EndGlobalSection
	GlobalSection(ExtensibilityGlobals) = postSolution
		SolutionGuid = {FDBFD9E5-08DA-4816-8F7A-B8BBD41947E3}
	EndGlobalSection
EndGlobal
